
Microsoft Visual Studio Solution File, Format Version 12.00
# Visual Studio 15
VisualStudioVersion = 15.0.26430.12
MinimumVisualStudioVersion = 10.0.40219.1
Project("{FAE04EC0-301F-11D3-BF4B-00C04F79EFBC}") = "WebAppMonitor", "WebAppMonitor\WebAppMonitor.csproj", "{B6A19D13-5CC1-43B3-9FE0-7DF212DBA36A}"
EndProject
Project("{FAE04EC0-301F-11D3-BF4B-00C04F79EFBC}") = "DevTools", "DevTools\DevTools.csproj", "{F209A3B9-A579-41E5-927E-0226454FED10}"
EndProject
Project("{FAE04EC0-301F-11D3-BF4B-00C04F79EFBC}") = "ExtendedEventsXmlParser", "ExtendedEventsXmlParser\ExtendedEventsXmlParser.csproj", "{86443543-C034-4592-B977-4751228B3388}"
EndProject
Project("{FAE04EC0-301F-11D3-BF4B-00C04F79EFBC}") = "WebAppMonitor.Data", "WebAppMonitor.Data\WebAppMonitor.Data.csproj", "{FB40853D-6433-4ED5-8319-C469EDF5ADEE}"
EndProject
Global
	GlobalSection(SolutionConfigurationPlatforms) = preSolution
		Debug|Any CPU = Debug|Any CPU
		Release|Any CPU = Release|Any CPU
	EndGlobalSection
	GlobalSection(ProjectConfigurationPlatforms) = postSolution
		{B6A19D13-5CC1-43B3-9FE0-7DF212DBA36A}.Debug|Any CPU.ActiveCfg = Debug|Any CPU
		{B6A19D13-5CC1-43B3-9FE0-7DF212DBA36A}.Debug|Any CPU.Build.0 = Debug|Any CPU
		{B6A19D13-5CC1-43B3-9FE0-7DF212DBA36A}.Release|Any CPU.ActiveCfg = Release|Any CPU
		{B6A19D13-5CC1-43B3-9FE0-7DF212DBA36A}.Release|Any CPU.Build.0 = Release|Any CPU
		{F209A3B9-A579-41E5-927E-0226454FED10}.Debug|Any CPU.ActiveCfg = Debug|Any CPU
		{F209A3B9-A579-41E5-927E-0226454FED10}.Debug|Any CPU.Build.0 = Debug|Any CPU
		{F209A3B9-A579-41E5-927E-0226454FED10}.Release|Any CPU.ActiveCfg = Release|Any CPU
		{F209A3B9-A579-41E5-927E-0226454FED10}.Release|Any CPU.Build.0 = Release|Any CPU
		{86443543-C034-4592-B977-4751228B3388}.Debug|Any CPU.ActiveCfg = Debug|Any CPU
		{86443543-C034-4592-B977-4751228B3388}.Debug|Any CPU.Build.0 = Debug|Any CPU
		{86443543-C034-4592-B977-4751228B3388}.Release|Any CPU.ActiveCfg = Release|Any CPU
		{86443543-C034-4592-B977-4751228B3388}.Release|Any CPU.Build.0 = Release|Any CPU
		{FB40853D-6433-4ED5-8319-C469EDF5ADEE}.Debug|Any CPU.ActiveCfg = Debug|Any CPU
		{FB40853D-6433-4ED5-8319-C469EDF5ADEE}.Debug|Any CPU.Build.0 = Debug|Any CPU
		{FB40853D-6433-4ED5-8319-C469EDF5ADEE}.Release|Any CPU.ActiveCfg = Release|Any CPU
		{FB40853D-6433-4ED5-8319-C469EDF5ADEE}.Release|Any CPU.Build.0 = Release|Any CPU
	EndGlobalSection
	GlobalSection(SolutionProperties) = preSolution
		HideSolutionNode = FALSE
	EndGlobalSection
EndGlobal
